
Microsoft Visual Studio Solution File, Format Version 12.00
# Visual Studio Version 16
VisualStudioVersion = 16.0.29020.237
MinimumVisualStudioVersion = 10.0.40219.1
Project("{FAE04EC0-301F-11D3-BF4B-00C04F79EFBC}") = "MediSoft", "MediSoft\MediSoft.csproj", "{1FE21366-44CB-4FF7-ABE2-ED843A6C4BBF}"
EndProject
Project("{9A19103F-16F7-4668-BE54-9A1E7A4F7556}") = "master", "master\master.csproj", "{97F2C5C6-CD18-4EE2-8A4D-F1B738F1B0EC}"
EndProject
Project("{FAE04EC0-301F-11D3-BF4B-00C04F79EFBC}") = "CapaDatos", "CapaDatos\CapaDatos.csproj", "{117BA7BA-2BFF-467B-8249-3B28C2228308}"
EndProject
Global
	GlobalSection(SolutionConfigurationPlatforms) = preSolution
		Debug|Any CPU = Debug|Any CPU
		Release|Any CPU = Release|Any CPU
	EndGlobalSection
	GlobalSection(ProjectConfigurationPlatforms) = postSolution
		{1FE21366-44CB-4FF7-ABE2-ED843A6C4BBF}.Debug|Any CPU.ActiveCfg = Debug|Any CPU
		{1FE21366-44CB-4FF7-ABE2-ED843A6C4BBF}.Debug|Any CPU.Build.0 = Debug|Any CPU
		{1FE21366-44CB-4FF7-ABE2-ED843A6C4BBF}.Release|Any CPU.ActiveCfg = Release|Any CPU
		{1FE21366-44CB-4FF7-ABE2-ED843A6C4BBF}.Release|Any CPU.Build.0 = Release|Any CPU
		{97F2C5C6-CD18-4EE2-8A4D-F1B738F1B0EC}.Debug|Any CPU.ActiveCfg = Debug|Any CPU
		{97F2C5C6-CD18-4EE2-8A4D-F1B738F1B0EC}.Debug|Any CPU.Build.0 = Debug|Any CPU
		{97F2C5C6-CD18-4EE2-8A4D-F1B738F1B0EC}.Release|Any CPU.ActiveCfg = Release|Any CPU
		{97F2C5C6-CD18-4EE2-8A4D-F1B738F1B0EC}.Release|Any CPU.Build.0 = Release|Any CPU
		{117BA7BA-2BFF-467B-8249-3B28C2228308}.Debug|Any CPU.ActiveCfg = Debug|Any CPU
		{117BA7BA-2BFF-467B-8249-3B28C2228308}.Debug|Any CPU.Build.0 = Debug|Any CPU
		{117BA7BA-2BFF-467B-8249-3B28C2228308}.Release|Any CPU.ActiveCfg = Release|Any CPU
		{117BA7BA-2BFF-467B-8249-3B28C2228308}.Release|Any CPU.Build.0 = Release|Any CPU
	EndGlobalSection
	GlobalSection(SolutionProperties) = preSolution
		HideSolutionNode = FALSE
	EndGlobalSection
	GlobalSection(ExtensibilityGlobals) = postSolution
		SolutionGuid = {4D685FBC-1BEE-436F-B893-3D1D12527B2D}
	EndGlobalSection
EndGlobal
